// !$*UTF8*$!
{
	archiveVersion = 1;
	classes = {
	};
	objectVersion = 46;
	objects = {

/* Begin PBXBuildFile section */
		3745695E1DA5C8D70014A3DB /* Image.swift in Sources */ = {isa = PBXBuildFile; fileRef = 3745695D1DA5C8D70014A3DB /* Image.swift */; };
		3745695F1DA5C8D70014A3DB /* Image.swift in Sources */ = {isa = PBXBuildFile; fileRef = 3745695D1DA5C8D70014A3DB /* Image.swift */; };
		37BBBA191DA3263300F8D05A /* AppDelegate.swift in Sources */ = {isa = PBXBuildFile; fileRef = 37BBBA181DA3263300F8D05A /* AppDelegate.swift */; };
		37BBBA1E1DA3263300F8D05A /* Main.storyboard in Resources */ = {isa = PBXBuildFile; fileRef = 37BBBA1C1DA3263300F8D05A /* Main.storyboard */; };
		37BBBA201DA3263300F8D05A /* Assets.xcassets in Resources */ = {isa = PBXBuildFile; fileRef = 37BBBA1F1DA3263300F8D05A /* Assets.xcassets */; };
		37BBBA231DA3263300F8D05A /* LaunchScreen.storyboard in Resources */ = {isa = PBXBuildFile; fileRef = 37BBBA211DA3263300F8D05A /* LaunchScreen.storyboard */; };
		37BBBA2E1DA3263300F8D05A /* handrightingTests.swift in Sources */ = {isa = PBXBuildFile; fileRef = 37BBBA2D1DA3263300F8D05A /* handrightingTests.swift */; };
		37C2EB571DB835CB00BA7506 /* ShowViewController.swift in Sources */ = {isa = PBXBuildFile; fileRef = 37C2EB561DB835CB00BA7506 /* ShowViewController.swift */; };
		37ECC6081DB31723004BB9FF /* UploadViewController.swift in Sources */ = {isa = PBXBuildFile; fileRef = 37ECC6071DB31723004BB9FF /* UploadViewController.swift */; };
		37F0B7071DB588A300DDA479 /* DrawViewController.swift in Sources */ = {isa = PBXBuildFile; fileRef = 37F0B7061DB588A300DDA479 /* DrawViewController.swift */; };
		37F0B7091DB58E9B00DDA479 /* DrawView.swift in Sources */ = {isa = PBXBuildFile; fileRef = 37F0B7081DB58E9B00DDA479 /* DrawView.swift */; };
		37F0B70A1DB58E9B00DDA479 /* DrawView.swift in Sources */ = {isa = PBXBuildFile; fileRef = 37F0B7081DB58E9B00DDA479 /* DrawView.swift */; };
		37F0B70C1DB58F0E00DDA479 /* Line.swift in Sources */ = {isa = PBXBuildFile; fileRef = 37F0B70B1DB58F0E00DDA479 /* Line.swift */; };
		37F6D1551DB3078700351F06 /* ChooseViewController.swift in Sources */ = {isa = PBXBuildFile; fileRef = 37F6D1541DB3078700351F06 /* ChooseViewController.swift */; };
		A3EC0CFD1DAAE8FF00291AF8 /* opencv2.framework in Frameworks */ = {isa = PBXBuildFile; fileRef = A3EC0CFC1DAAE8FF00291AF8 /* opencv2.framework */; };
		A3EC0CFE1DAAE8FF00291AF8 /* opencv2.framework in Frameworks */ = {isa = PBXBuildFile; fileRef = A3EC0CFC1DAAE8FF00291AF8 /* opencv2.framework */; };
		A3EC0D031DAAE92600291AF8 /* OpenCVWrapper.mm in Sources */ = {isa = PBXBuildFile; fileRef = A3EC0D021DAAE92600291AF8 /* OpenCVWrapper.mm */; };
		A3EC0D041DAAE92600291AF8 /* OpenCVWrapper.mm in Sources */ = {isa = PBXBuildFile; fileRef = A3EC0D021DAAE92600291AF8 /* OpenCVWrapper.mm */; };
/* End PBXBuildFile section */

/* Begin PBXContainerItemProxy section */
		37BBBA2A1DA3263300F8D05A /* PBXContainerItemProxy */ = {
			isa = PBXContainerItemProxy;
			containerPortal = 37BBBA0D1DA3263300F8D05A /* Project object */;
			proxyType = 1;
			remoteGlobalIDString = 37BBBA141DA3263300F8D05A;
			remoteInfo = handrighting;
		};
/* End PBXContainerItemProxy section */

/* Begin PBXFileReference section */
		3745695D1DA5C8D70014A3DB /* Image.swift */ = {isa = PBXFileReference; fileEncoding = 4; lastKnownFileType = sourcecode.swift; path = Image.swift; sourceTree = "<group>"; };
		37BBBA151DA3263300F8D05A /* handrighting.app */ = {isa = PBXFileReference; explicitFileType = wrapper.application; includeInIndex = 0; path = handrighting.app; sourceTree = BUILT_PRODUCTS_DIR; };
		37BBBA181DA3263300F8D05A /* AppDelegate.swift */ = {isa = PBXFileReference; lastKnownFileType = sourcecode.swift; path = AppDelegate.swift; sourceTree = "<group>"; };
		37BBBA1D1DA3263300F8D05A /* Base */ = {isa = PBXFileReference; lastKnownFileType = file.storyboard; name = Base; path = Base.lproj/Main.storyboard; sourceTree = "<group>"; };
		37BBBA1F1DA3263300F8D05A /* Assets.xcassets */ = {isa = PBXFileReference; lastKnownFileType = folder.assetcatalog; path = Assets.xcassets; sourceTree = "<group>"; };
		37BBBA221DA3263300F8D05A /* Base */ = {isa = PBXFileReference; lastKnownFileType = file.storyboard; name = Base; path = Base.lproj/LaunchScreen.storyboard; sourceTree = "<group>"; };
		37BBBA241DA3263300F8D05A /* Info.plist */ = {isa = PBXFileReference; lastKnownFileType = text.plist.xml; path = Info.plist; sourceTree = "<group>"; };
		37BBBA291DA3263300F8D05A /* handrightingTests.xctest */ = {isa = PBXFileReference; explicitFileType = wrapper.cfbundle; includeInIndex = 0; path = handrightingTests.xctest; sourceTree = BUILT_PRODUCTS_DIR; };
		37BBBA2D1DA3263300F8D05A /* handrightingTests.swift */ = {isa = PBXFileReference; lastKnownFileType = sourcecode.swift; path = handrightingTests.swift; sourceTree = "<group>"; };
		37BBBA2F1DA3263300F8D05A /* Info.plist */ = {isa = PBXFileReference; lastKnownFileType = text.plist.xml; path = Info.plist; sourceTree = "<group>"; };
		37C2EB561DB835CB00BA7506 /* ShowViewController.swift */ = {isa = PBXFileReference; fileEncoding = 4; lastKnownFileType = sourcecode.swift; path = ShowViewController.swift; sourceTree = "<group>"; };
		37ECC6071DB31723004BB9FF /* UploadViewController.swift */ = {isa = PBXFileReference; fileEncoding = 4; lastKnownFileType = sourcecode.swift; path = UploadViewController.swift; sourceTree = "<group>"; };
		37F0B7061DB588A300DDA479 /* DrawViewController.swift */ = {isa = PBXFileReference; fileEncoding = 4; lastKnownFileType = sourcecode.swift; path = DrawViewController.swift; sourceTree = "<group>"; };
		37F0B7081DB58E9B00DDA479 /* DrawView.swift */ = {isa = PBXFileReference; fileEncoding = 4; lastKnownFileType = sourcecode.swift; path = DrawView.swift; sourceTree = "<group>"; };
		37F0B70B1DB58F0E00DDA479 /* Line.swift */ = {isa = PBXFileReference; fileEncoding = 4; lastKnownFileType = sourcecode.swift; path = Line.swift; sourceTree = "<group>"; };
		37F6D1541DB3078700351F06 /* ChooseViewController.swift */ = {isa = PBXFileReference; fileEncoding = 4; lastKnownFileType = sourcecode.swift; path = ChooseViewController.swift; sourceTree = "<group>"; };
		A3EC0CFC1DAAE8FF00291AF8 /* opencv2.framework */ = {isa = PBXFileReference; lastKnownFileType = wrapper.framework; path = opencv2.framework; sourceTree = "<group>"; };
		A3EC0CFF1DAAE92500291AF8 /* handrighting-Bridging-Header.h */ = {isa = PBXFileReference; lastKnownFileType = sourcecode.c.h; name = "handrighting-Bridging-Header.h"; path = "handrighting/handrighting-Bridging-Header.h"; sourceTree = "<group>"; };
		A3EC0D001DAAE92500291AF8 /* handrightingTests-Bridging-Header.h */ = {isa = PBXFileReference; lastKnownFileType = sourcecode.c.h; name = "handrightingTests-Bridging-Header.h"; path = "handrighting/handrightingTests-Bridging-Header.h"; sourceTree = "<group>"; };
		A3EC0D011DAAE92600291AF8 /* OpenCVWrapper.h */ = {isa = PBXFileReference; fileEncoding = 4; lastKnownFileType = sourcecode.c.h; name = OpenCVWrapper.h; path = handrighting/OpenCVWrapper.h; sourceTree = "<group>"; };
		A3EC0D021DAAE92600291AF8 /* OpenCVWrapper.mm */ = {isa = PBXFileReference; fileEncoding = 4; lastKnownFileType = sourcecode.cpp.objcpp; name = OpenCVWrapper.mm; path = handrighting/OpenCVWrapper.mm; sourceTree = "<group>"; };
/* End PBXFileReference section */

/* Begin PBXFrameworksBuildPhase section */
		37BBBA121DA3263300F8D05A /* Frameworks */ = {
			isa = PBXFrameworksBuildPhase;
			buildActionMask = 2147483647;
			files = (
				A3EC0CFD1DAAE8FF00291AF8 /* opencv2.framework in Frameworks */,
			);
			runOnlyForDeploymentPostprocessing = 0;
		};
		37BBBA261DA3263300F8D05A /* Frameworks */ = {
			isa = PBXFrameworksBuildPhase;
			buildActionMask = 2147483647;
			files = (
				A3EC0CFE1DAAE8FF00291AF8 /* opencv2.framework in Frameworks */,
			);
			runOnlyForDeploymentPostprocessing = 0;
		};
/* End PBXFrameworksBuildPhase section */

/* Begin PBXGroup section */
		37BBBA0C1DA3263300F8D05A = {
			isa = PBXGroup;
			children = (
				A3EC0D011DAAE92600291AF8 /* OpenCVWrapper.h */,
				A3EC0D021DAAE92600291AF8 /* OpenCVWrapper.mm */,
				37BBBA171DA3263300F8D05A /* handrighting */,
				37BBBA2C1DA3263300F8D05A /* handrightingTests */,
				37BBBA161DA3263300F8D05A /* Products */,
				A3EC0CFF1DAAE92500291AF8 /* handrighting-Bridging-Header.h */,
				A3EC0D001DAAE92500291AF8 /* handrightingTests-Bridging-Header.h */,
			);
			sourceTree = "<group>";
		};
		37BBBA161DA3263300F8D05A /* Products */ = {
			isa = PBXGroup;
			children = (
				37BBBA151DA3263300F8D05A /* handrighting.app */,
				37BBBA291DA3263300F8D05A /* handrightingTests.xctest */,
			);
			name = Products;
			sourceTree = "<group>";
		};
		37BBBA171DA3263300F8D05A /* handrighting */ = {
			isa = PBXGroup;
			children = (
				A3EC0CFC1DAAE8FF00291AF8 /* opencv2.framework */,
				37BBBA181DA3263300F8D05A /* AppDelegate.swift */,
				3745695D1DA5C8D70014A3DB /* Image.swift */,
				37C2EB561DB835CB00BA7506 /* ShowViewController.swift */,
				37BBBA1C1DA3263300F8D05A /* Main.storyboard */,
				37F0B7061DB588A300DDA479 /* DrawViewController.swift */,
				37ECC6071DB31723004BB9FF /* UploadViewController.swift */,
				37F6D1541DB3078700351F06 /* ChooseViewController.swift */,
				37F0B7081DB58E9B00DDA479 /* DrawView.swift */,
				37F0B70B1DB58F0E00DDA479 /* Line.swift */,
				37BBBA1F1DA3263300F8D05A /* Assets.xcassets */,
				37BBBA211DA3263300F8D05A /* LaunchScreen.storyboard */,
				37BBBA241DA3263300F8D05A /* Info.plist */,
			);
			path = handrighting;
			sourceTree = "<group>";
		};
		37BBBA2C1DA3263300F8D05A /* handrightingTests */ = {
			isa = PBXGroup;
			children = (
				37BBBA2D1DA3263300F8D05A /* handrightingTests.swift */,
				37BBBA2F1DA3263300F8D05A /* Info.plist */,
			);
			path = handrightingTests;
			sourceTree = "<group>";
		};
/* End PBXGroup section */

/* Begin PBXNativeTarget section */
		37BBBA141DA3263300F8D05A /* handrighting */ = {
			isa = PBXNativeTarget;
			buildConfigurationList = 37BBBA321DA3263300F8D05A /* Build configuration list for PBXNativeTarget "handrighting" */;
			buildPhases = (
				37BBBA111DA3263300F8D05A /* Sources */,
				37BBBA121DA3263300F8D05A /* Frameworks */,
				37BBBA131DA3263300F8D05A /* Resources */,
			);
			buildRules = (
			);
			dependencies = (
			);
			name = handrighting;
			productName = handrighting;
			productReference = 37BBBA151DA3263300F8D05A /* handrighting.app */;
			productType = "com.apple.product-type.application";
		};
		37BBBA281DA3263300F8D05A /* handrightingTests */ = {
			isa = PBXNativeTarget;
			buildConfigurationList = 37BBBA351DA3263300F8D05A /* Build configuration list for PBXNativeTarget "handrightingTests" */;
			buildPhases = (
				37BBBA251DA3263300F8D05A /* Sources */,
				37BBBA261DA3263300F8D05A /* Frameworks */,
				37BBBA271DA3263300F8D05A /* Resources */,
			);
			buildRules = (
			);
			dependencies = (
				37BBBA2B1DA3263300F8D05A /* PBXTargetDependency */,
			);
			name = handrightingTests;
			productName = handrightingTests;
			productReference = 37BBBA291DA3263300F8D05A /* handrightingTests.xctest */;
			productType = "com.apple.product-type.bundle.unit-test";
		};
/* End PBXNativeTarget section */

/* Begin PBXProject section */
		37BBBA0D1DA3263300F8D05A /* Project object */ = {
			isa = PBXProject;
			attributes = {
				LastSwiftUpdateCheck = 0730;
				LastUpgradeCheck = 0730;
				ORGANIZATIONNAME = "Red Joule";
				TargetAttributes = {
					37BBBA141DA3263300F8D05A = {
						CreatedOnToolsVersion = 7.3.1;
					};
					37BBBA281DA3263300F8D05A = {
						CreatedOnToolsVersion = 7.3.1;
						TestTargetID = 37BBBA141DA3263300F8D05A;
					};
				};
			};
			buildConfigurationList = 37BBBA101DA3263300F8D05A /* Build configuration list for PBXProject "handrighting" */;
			compatibilityVersion = "Xcode 3.2";
			developmentRegion = English;
			hasScannedForEncodings = 0;
			knownRegions = (
				en,
				Base,
			);
			mainGroup = 37BBBA0C1DA3263300F8D05A;
			productRefGroup = 37BBBA161DA3263300F8D05A /* Products */;
			projectDirPath = "";
			projectRoot = "";
			targets = (
				37BBBA141DA3263300F8D05A /* handrighting */,
				37BBBA281DA3263300F8D05A /* handrightingTests */,
			);
		};
/* End PBXProject section */

/* Begin PBXResourcesBuildPhase section */
		37BBBA131DA3263300F8D05A /* Resources */ = {
			isa = PBXResourcesBuildPhase;
			buildActionMask = 2147483647;
			files = (
				37BBBA231DA3263300F8D05A /* LaunchScreen.storyboard in Resources */,
				37BBBA201DA3263300F8D05A /* Assets.xcassets in Resources */,
				37BBBA1E1DA3263300F8D05A /* Main.storyboard in Resources */,
			);
			runOnlyForDeploymentPostprocessing = 0;
		};
		37BBBA271DA3263300F8D05A /* Resources */ = {
			isa = PBXResourcesBuildPhase;
			buildActionMask = 2147483647;
			files = (
			);
			runOnlyForDeploymentPostprocessing = 0;
		};
/* End PBXResourcesBuildPhase section */

/* Begin PBXSourcesBuildPhase section */
		37BBBA111DA3263300F8D05A /* Sources */ = {
			isa = PBXSourcesBuildPhase;
			buildActionMask = 2147483647;
			files = (
				37F0B7071DB588A300DDA479 /* DrawViewController.swift in Sources */,
				3745695E1DA5C8D70014A3DB /* Image.swift in Sources */,
				37F0B7091DB58E9B00DDA479 /* DrawView.swift in Sources */,
				37ECC6081DB31723004BB9FF /* UploadViewController.swift in Sources */,
				A3EC0D031DAAE92600291AF8 /* OpenCVWrapper.mm in Sources */,
				37C2EB571DB835CB00BA7506 /* ShowViewController.swift in Sources */,
				37F0B70C1DB58F0E00DDA479 /* Line.swift in Sources */,
				37F6D1551DB3078700351F06 /* ChooseViewController.swift in Sources */,
				37BBBA191DA3263300F8D05A /* AppDelegate.swift in Sources */,
			);
			runOnlyForDeploymentPostprocessing = 0;
		};
		37BBBA251DA3263300F8D05A /* Sources */ = {
			isa = PBXSourcesBuildPhase;
			buildActionMask = 2147483647;
			files = (
				37BBBA2E1DA3263300F8D05A /* handrightingTests.swift in Sources */,
				3745695F1DA5C8D70014A3DB /* Image.swift in Sources */,
				37F0B70A1DB58E9B00DDA479 /* DrawView.swift in Sources */,
				A3EC0D041DAAE92600291AF8 /* OpenCVWrapper.mm in Sources */,
			);
			runOnlyForDeploymentPostprocessing = 0;
		};
/* End PBXSourcesBuildPhase section */

/* Begin PBXTargetDependency section */
		37BBBA2B1DA3263300F8D05A /* PBXTargetDependency */ = {
			isa = PBXTargetDependency;
			target = 37BBBA141DA3263300F8D05A /* handrighting */;
			targetProxy = 37BBBA2A1DA3263300F8D05A /* PBXContainerItemProxy */;
		};
/* End PBXTargetDependency section */

/* Begin PBXVariantGroup section */
		37BBBA1C1DA3263300F8D05A /* Main.storyboard */ = {
			isa = PBXVariantGroup;
			children = (
				37BBBA1D1DA3263300F8D05A /* Base */,
			);
			name = Main.storyboard;
			sourceTree = "<group>";
		};
		37BBBA211DA3263300F8D05A /* LaunchScreen.storyboard */ = {
			isa = PBXVariantGroup;
			children = (
				37BBBA221DA3263300F8D05A /* Base */,
			);
			name = LaunchScreen.storyboard;
			sourceTree = "<group>";
		};
/* End PBXVariantGroup section */

/* Begin XCBuildConfiguration section */
		37BBBA301DA3263300F8D05A /* Debug */ = {
			isa = XCBuildConfiguration;
			buildSettings = {
				ALWAYS_SEARCH_USER_PATHS = NO;
				CLANG_ANALYZER_NONNULL = YES;
				CLANG_CXX_LANGUAGE_STANDARD = "gnu++0x";
				CLANG_CXX_LIBRARY = "libc++";
				CLANG_ENABLE_MODULES = YES;
				CLANG_ENABLE_OBJC_ARC = YES;
				CLANG_WARN_BOOL_CONVERSION = YES;
				CLANG_WARN_CONSTANT_CONVERSION = YES;
				CLANG_WARN_DIRECT_OBJC_ISA_USAGE = YES_ERROR;
				CLANG_WARN_EMPTY_BODY = YES;
				CLANG_WARN_ENUM_CONVERSION = YES;
				CLANG_WARN_INT_CONVERSION = YES;
				CLANG_WARN_OBJC_ROOT_CLASS = YES_ERROR;
				CLANG_WARN_UNREACHABLE_CODE = YES;
				CLANG_WARN__DUPLICATE_METHOD_MATCH = YES;
				"CODE_SIGN_IDENTITY[sdk=iphoneos*]" = "iPhone Developer";
				COPY_PHASE_STRIP = NO;
				DEBUG_INFORMATION_FORMAT = dwarf;
				ENABLE_STRICT_OBJC_MSGSEND = YES;
				ENABLE_TESTABILITY = YES;
				GCC_C_LANGUAGE_STANDARD = gnu99;
				GCC_DYNAMIC_NO_PIC = NO;
				GCC_NO_COMMON_BLOCKS = YES;
				GCC_OPTIMIZATION_LEVEL = 0;
				GCC_PREPROCESSOR_DEFINITIONS = (
					"DEBUG=1",
					"$(inherited)",
				);
				GCC_WARN_64_TO_32_BIT_CONVERSION = YES;
				GCC_WARN_ABOUT_RETURN_TYPE = YES_ERROR;
				GCC_WARN_UNDECLARED_SELECTOR = YES;
				GCC_WARN_UNINITIALIZED_AUTOS = YES_AGGRESSIVE;
				GCC_WARN_UNUSED_FUNCTION = YES;
				GCC_WARN_UNUSED_VARIABLE = YES;
				IPHONEOS_DEPLOYMENT_TARGET = 9.3;
				MTL_ENABLE_DEBUG_INFO = YES;
				ONLY_ACTIVE_ARCH = YES;
				SDKROOT = iphoneos;
				SWIFT_OPTIMIZATION_LEVEL = "-Onone";
				TARGETED_DEVICE_FAMILY = "1,2";
			};
			name = Debug;
		};
		37BBBA311DA3263300F8D05A /* Release */ = {
			isa = XCBuildConfiguration;
			buildSettings = {
				ALWAYS_SEARCH_USER_PATHS = NO;
				CLANG_ANALYZER_NONNULL = YES;
				CLANG_CXX_LANGUAGE_STANDARD = "gnu++0x";
				CLANG_CXX_LIBRARY = "libc++";
				CLANG_ENABLE_MODULES = YES;
				CLANG_ENABLE_OBJC_ARC = YES;
				CLANG_WARN_BOOL_CONVERSION = YES;
				CLANG_WARN_CONSTANT_CONVERSION = YES;
				CLANG_WARN_DIRECT_OBJC_ISA_USAGE = YES_ERROR;
				CLANG_WARN_EMPTY_BODY = YES;
				CLANG_WARN_ENUM_CONVERSION = YES;
				CLANG_WARN_INT_CONVERSION = YES;
				CLANG_WARN_OBJC_ROOT_CLASS = YES_ERROR;
				CLANG_WARN_UNREACHABLE_CODE = YES;
				CLANG_WARN__DUPLICATE_METHOD_MATCH = YES;
				"CODE_SIGN_IDENTITY[sdk=iphoneos*]" = "iPhone Developer";
				COPY_PHASE_STRIP = NO;
				DEBUG_INFORMATION_FORMAT = "dwarf-with-dsym";
				ENABLE_NS_ASSERTIONS = NO;
				ENABLE_STRICT_OBJC_MSGSEND = YES;
				GCC_C_LANGUAGE_STANDARD = gnu99;
				GCC_NO_COMMON_BLOCKS = YES;
				GCC_WARN_64_TO_32_BIT_CONVERSION = YES;
				GCC_WARN_ABOUT_RETURN_TYPE = YES_ERROR;
				GCC_WARN_UNDECLARED_SELECTOR = YES;
				GCC_WARN_UNINITIALIZED_AUTOS = YES_AGGRESSIVE;
				GCC_WARN_UNUSED_FUNCTION = YES;
				GCC_WARN_UNUSED_VARIABLE = YES;
				IPHONEOS_DEPLOYMENT_TARGET = 9.3;
				MTL_ENABLE_DEBUG_INFO = NO;
				SDKROOT = iphoneos;
				TARGETED_DEVICE_FAMILY = "1,2";
				VALIDATE_PRODUCT = YES;
			};
			name = Release;
		};
		37BBBA331DA3263300F8D05A /* Debug */ = {
			isa = XCBuildConfiguration;
			buildSettings = {
				ASSETCATALOG_COMPILER_APPICON_NAME = AppIcon;
				CLANG_ENABLE_MODULES = YES;
				FRAMEWORK_SEARCH_PATHS = (
					"$(inherited)",
					"$(PROJECT_DIR)/handrighting",
				);
				INFOPLIST_FILE = handrighting/Info.plist;
				IPHONEOS_DEPLOYMENT_TARGET = 9.2;
				LD_RUNPATH_SEARCH_PATHS = "$(inherited) @executable_path/Frameworks";
				PRODUCT_BUNDLE_IDENTIFIER = com.example.handrighting;
				PRODUCT_NAME = "$(TARGET_NAME)";
				SWIFT_OBJC_BRIDGING_HEADER = "handrighting/handrighting-Bridging-Header.h";
				SWIFT_OPTIMIZATION_LEVEL = "-Onone";
			};
			name = Debug;
		};
		37BBBA341DA3263300F8D05A /* Release */ = {
			isa = XCBuildConfiguration;
			buildSettings = {
				ASSETCATALOG_COMPILER_APPICON_NAME = AppIcon;
				CLANG_ENABLE_MODULES = YES;
				FRAMEWORK_SEARCH_PATHS = (
					"$(inherited)",
					"$(PROJECT_DIR)/handrighting",
				);
				INFOPLIST_FILE = handrighting/Info.plist;
				IPHONEOS_DEPLOYMENT_TARGET = 9.2;
				LD_RUNPATH_SEARCH_PATHS = "$(inherited) @executable_path/Frameworks";
				PRODUCT_BUNDLE_IDENTIFIER = com.example.handrighting;
				PRODUCT_NAME = "$(TARGET_NAME)";
				SWIFT_OBJC_BRIDGING_HEADER = "handrighting/handrighting-Bridging-Header.h";
			};
			name = Release;
		};
		37BBBA361DA3263300F8D05A /* Debug */ = {
			isa = XCBuildConfiguration;
			buildSettings = {
				BUNDLE_LOADER = "$(TEST_HOST)";
				CLANG_ENABLE_MODULES = YES;
				FRAMEWORK_SEARCH_PATHS = (
					"$(inherited)",
					"$(PROJECT_DIR)/handrighting",
				);
				INFOPLIST_FILE = handrightingTests/Info.plist;
				LD_RUNPATH_SEARCH_PATHS = "$(inherited) @executable_path/Frameworks @loader_path/Frameworks";
				PRODUCT_BUNDLE_IDENTIFIER = com.example.handrightingTests;
				PRODUCT_NAME = "$(TARGET_NAME)";
				SWIFT_OBJC_BRIDGING_HEADER = "handrighting/handrightingTests-Bridging-Header.h";
				SWIFT_OPTIMIZATION_LEVEL = "-Onone";
				TEST_HOST = "$(BUILT_PRODUCTS_DIR)/handrighting.app/handrighting";
			};
			name = Debug;
		};
		37BBBA371DA3263300F8D05A /* Release */ = {
			isa = XCBuildConfiguration;
			buildSettings = {
				BUNDLE_LOADER = "$(TEST_HOST)";
				CLANG_ENABLE_MODULES = YES;
				FRAMEWORK_SEARCH_PATHS = (
					"$(inherited)",
					"$(PROJECT_DIR)/handrighting",
				);
				INFOPLIST_FILE = handrightingTests/Info.plist;
				LD_RUNPATH_SEARCH_PATHS = "$(inherited) @executable_path/Frameworks @loader_path/Frameworks";
				PRODUCT_BUNDLE_IDENTIFIER = com.example.handrightingTests;
				PRODUCT_NAME = "$(TARGET_NAME)";
				SWIFT_OBJC_BRIDGING_HEADER = "handrighting/handrightingTests-Bridging-Header.h";
				TEST_HOST = "$(BUILT_PRODUCTS_DIR)/handrighting.app/handrighting";
			};
			name = Release;
		};
/* End XCBuildConfiguration section */

/* Begin XCConfigurationList section */
		37BBBA101DA3263300F8D05A /* Build configuration list for PBXProject "handrighting" */ = {
			isa = XCConfigurationList;
			buildConfigurations = (
				37BBBA301DA3263300F8D05A /* Debug */,
				37BBBA311DA3263300F8D05A /* Release */,
			);
			defaultConfigurationIsVisible = 0;
			defaultConfigurationName = Release;
		};
		37BBBA321DA3263300F8D05A /* Build configuration list for PBXNativeTarget "handrighting" */ = {
			isa = XCConfigurationList;
			buildConfigurations = (
				37BBBA331DA3263300F8D05A /* Debug */,
				37BBBA341DA3263300F8D05A /* Release */,
			);
			defaultConfigurationIsVisible = 0;
			defaultConfigurationName = Release;
		};
		37BBBA351DA3263300F8D05A /* Build configuration list for PBXNativeTarget "handrightingTests" */ = {
			isa = XCConfigurationList;
			buildConfigurations = (
				37BBBA361DA3263300F8D05A /* Debug */,
				37BBBA371DA3263300F8D05A /* Release */,
			);
			defaultConfigurationIsVisible = 0;
			defaultConfigurationName = Release;
		};
/* End XCConfigurationList section */
	};
	rootObject = 37BBBA0D1DA3263300F8D05A /* Project object */;
}
